// !$*UTF8*$!
{
	archiveVersion = 1;
	classes = {
	};
	objectVersion = 56;
	objects = {

/* Begin PBXBuildFile section */
		029C1B9C2BFBAC9C0083B5A5 /* AppDelegate.swift in Sources */ = {isa = PBXBuildFile; fileRef = 029C1B9B2BFBAC9C0083B5A5 /* AppDelegate.swift */; };
		029C1B9E2BFBAC9C0083B5A5 /* SceneDelegate.swift in Sources */ = {isa = PBXBuildFile; fileRef = 029C1B9D2BFBAC9C0083B5A5 /* SceneDelegate.swift */; };
		029C1BA62BFBAC9C0083B5A5 /* EMarket.xcdatamodeld in Sources */ = {isa = PBXBuildFile; fileRef = 029C1BA42BFBAC9C0083B5A5 /* EMarket.xcdatamodeld */; };
		029C1BA82BFBAC9D0083B5A5 /* Assets.xcassets in Resources */ = {isa = PBXBuildFile; fileRef = 029C1BA72BFBAC9D0083B5A5 /* Assets.xcassets */; };
		029C1BB62BFBAC9E0083B5A5 /* EMarketTests.swift in Sources */ = {isa = PBXBuildFile; fileRef = 029C1BB52BFBAC9E0083B5A5 /* EMarketTests.swift */; };
		029C1BC02BFBAC9E0083B5A5 /* EMarketUITests.swift in Sources */ = {isa = PBXBuildFile; fileRef = 029C1BBF2BFBAC9E0083B5A5 /* EMarketUITests.swift */; };
		029C1BC22BFBAC9E0083B5A5 /* EMarketUITestsLaunchTests.swift in Sources */ = {isa = PBXBuildFile; fileRef = 029C1BC12BFBAC9E0083B5A5 /* EMarketUITestsLaunchTests.swift */; };
		029C1BDB2BFBAD8D0083B5A5 /* MainTabBarController.swift in Sources */ = {isa = PBXBuildFile; fileRef = 029C1BDA2BFBAD8D0083B5A5 /* MainTabBarController.swift */; };
		029C1BDF2BFBB0570083B5A5 /* BaseViewController.swift in Sources */ = {isa = PBXBuildFile; fileRef = 029C1BDE2BFBB0570083B5A5 /* BaseViewController.swift */; };
		029C1BE42BFBB0BC0083B5A5 /* FontType.swift in Sources */ = {isa = PBXBuildFile; fileRef = 029C1BE32BFBB0BC0083B5A5 /* FontType.swift */; };
		029C1BE82BFBB11E0083B5A5 /* Montserrat-SemiBold.ttf in Resources */ = {isa = PBXBuildFile; fileRef = 029C1BE52BFBB11E0083B5A5 /* Montserrat-SemiBold.ttf */; };
		029C1BE92BFBB11E0083B5A5 /* Montserrat-Medium.ttf in Resources */ = {isa = PBXBuildFile; fileRef = 029C1BE62BFBB11E0083B5A5 /* Montserrat-Medium.ttf */; };
		029C1BEA2BFBB11E0083B5A5 /* Montserrat-Regular.ttf in Resources */ = {isa = PBXBuildFile; fileRef = 029C1BE72BFBB11E0083B5A5 /* Montserrat-Regular.ttf */; };
		029C1BEC2BFBB2090083B5A5 /* Font.swift in Sources */ = {isa = PBXBuildFile; fileRef = 029C1BEB2BFBB2090083B5A5 /* Font.swift */; };
		029C1BEF2BFBB2EB0083B5A5 /* Kingfisher in Frameworks */ = {isa = PBXBuildFile; productRef = 029C1BEE2BFBB2EB0083B5A5 /* Kingfisher */; };
		029C1BF22BFBB3070083B5A5 /* Image.swift in Sources */ = {isa = PBXBuildFile; fileRef = 029C1BF12BFBB3070083B5A5 /* Image.swift */; };
		029C1BF72BFBB3F10083B5A5 /* UIImageView+Extension.swift in Sources */ = {isa = PBXBuildFile; fileRef = 029C1BF62BFBB3F10083B5A5 /* UIImageView+Extension.swift */; };
		029C1C002BFBB8610083B5A5 /* Localizable.strings in Resources */ = {isa = PBXBuildFile; fileRef = 029C1BFE2BFBB8610083B5A5 /* Localizable.strings */; };
		029C1C032BFBB8A50083B5A5 /* String+Localization.swift in Sources */ = {isa = PBXBuildFile; fileRef = 029C1C022BFBB8A50083B5A5 /* String+Localization.swift */; };
		029C1C052BFBBC3D0083B5A5 /* ViewModel.swift in Sources */ = {isa = PBXBuildFile; fileRef = 029C1C042BFBBC3D0083B5A5 /* ViewModel.swift */; };
		029C1C152BFBBE470083B5A5 /* NetworkError.swift in Sources */ = {isa = PBXBuildFile; fileRef = 029C1C062BFBBE470083B5A5 /* NetworkError.swift */; };
		029C1C162BFBBE470083B5A5 /* NetworkErrorModel.swift in Sources */ = {isa = PBXBuildFile; fileRef = 029C1C072BFBBE470083B5A5 /* NetworkErrorModel.swift */; };
		029C1C172BFBBE470083B5A5 /* NetworkResult.swift in Sources */ = {isa = PBXBuildFile; fileRef = 029C1C082BFBBE470083B5A5 /* NetworkResult.swift */; };
		029C1C182BFBBE470083B5A5 /* NetworkHttpType.swift in Sources */ = {isa = PBXBuildFile; fileRef = 029C1C0A2BFBBE470083B5A5 /* NetworkHttpType.swift */; };
		029C1C192BFBBE470083B5A5 /* NetworkRequest.swift in Sources */ = {isa = PBXBuildFile; fileRef = 029C1C0B2BFBBE470083B5A5 /* NetworkRequest.swift */; };
		029C1C1A2BFBBE470083B5A5 /* NetworkManager.swift in Sources */ = {isa = PBXBuildFile; fileRef = 029C1C0D2BFBBE470083B5A5 /* NetworkManager.swift */; };
		029C1C1B2BFBBE470083B5A5 /* NetworkManagerProtocol.swift in Sources */ = {isa = PBXBuildFile; fileRef = 029C1C0E2BFBBE470083B5A5 /* NetworkManagerProtocol.swift */; };
		029C1C1C2BFBBE470083B5A5 /* NetworkService.swift in Sources */ = {isa = PBXBuildFile; fileRef = 029C1C102BFBBE470083B5A5 /* NetworkService.swift */; };
		029C1C1E2BFBBE470083B5A5 /* NetworkServiceConfig.swift in Sources */ = {isa = PBXBuildFile; fileRef = 029C1C122BFBBE470083B5A5 /* NetworkServiceConfig.swift */; };
		029C1C202BFBD1C90083B5A5 /* ViewController.swift in Sources */ = {isa = PBXBuildFile; fileRef = 029C1C1F2BFBD1C90083B5A5 /* ViewController.swift */; };
		029C1C232BFBD33F0083B5A5 /* ProductListingViewController.swift in Sources */ = {isa = PBXBuildFile; fileRef = 029C1C222BFBD33F0083B5A5 /* ProductListingViewController.swift */; };
		029C1C272BFBD3850083B5A5 /* ProductListingViewModel.swift in Sources */ = {isa = PBXBuildFile; fileRef = 029C1C262BFBD3850083B5A5 /* ProductListingViewModel.swift */; };
		029C1C2A2BFBD7070083B5A5 /* ProductDetailViewController.swift in Sources */ = {isa = PBXBuildFile; fileRef = 029C1C292BFBD7070083B5A5 /* ProductDetailViewController.swift */; };
		029C1C2D2BFBD72F0083B5A5 /* ProductDetailViewModel.swift in Sources */ = {isa = PBXBuildFile; fileRef = 029C1C2C2BFBD72F0083B5A5 /* ProductDetailViewModel.swift */; };
/* End PBXBuildFile section */

/* Begin PBXContainerItemProxy section */
		029C1BB22BFBAC9E0083B5A5 /* PBXContainerItemProxy */ = {
			isa = PBXContainerItemProxy;
			containerPortal = 029C1B902BFBAC9C0083B5A5 /* Project object */;
			proxyType = 1;
			remoteGlobalIDString = 029C1B972BFBAC9C0083B5A5;
			remoteInfo = EMarket;
		};
		029C1BBC2BFBAC9E0083B5A5 /* PBXContainerItemProxy */ = {
			isa = PBXContainerItemProxy;
			containerPortal = 029C1B902BFBAC9C0083B5A5 /* Project object */;
			proxyType = 1;
			remoteGlobalIDString = 029C1B972BFBAC9C0083B5A5;
			remoteInfo = EMarket;
		};
/* End PBXContainerItemProxy section */

/* Begin PBXFileReference section */
		029C1B982BFBAC9C0083B5A5 /* EMarket.app */ = {isa = PBXFileReference; explicitFileType = wrapper.application; includeInIndex = 0; path = EMarket.app; sourceTree = BUILT_PRODUCTS_DIR; };
		029C1B9B2BFBAC9C0083B5A5 /* AppDelegate.swift */ = {isa = PBXFileReference; lastKnownFileType = sourcecode.swift; path = AppDelegate.swift; sourceTree = "<group>"; };
		029C1B9D2BFBAC9C0083B5A5 /* SceneDelegate.swift */ = {isa = PBXFileReference; lastKnownFileType = sourcecode.swift; path = SceneDelegate.swift; sourceTree = "<group>"; };
		029C1BA52BFBAC9C0083B5A5 /* EMarket.xcdatamodel */ = {isa = PBXFileReference; lastKnownFileType = wrapper.xcdatamodel; path = EMarket.xcdatamodel; sourceTree = "<group>"; };
		029C1BA72BFBAC9D0083B5A5 /* Assets.xcassets */ = {isa = PBXFileReference; lastKnownFileType = folder.assetcatalog; path = Assets.xcassets; sourceTree = "<group>"; };
		029C1BAC2BFBAC9D0083B5A5 /* Info.plist */ = {isa = PBXFileReference; lastKnownFileType = text.plist.xml; path = Info.plist; sourceTree = "<group>"; };
		029C1BB12BFBAC9E0083B5A5 /* EMarketTests.xctest */ = {isa = PBXFileReference; explicitFileType = wrapper.cfbundle; includeInIndex = 0; path = EMarketTests.xctest; sourceTree = BUILT_PRODUCTS_DIR; };
		029C1BB52BFBAC9E0083B5A5 /* EMarketTests.swift */ = {isa = PBXFileReference; lastKnownFileType = sourcecode.swift; path = EMarketTests.swift; sourceTree = "<group>"; };
		029C1BBB2BFBAC9E0083B5A5 /* EMarketUITests.xctest */ = {isa = PBXFileReference; explicitFileType = wrapper.cfbundle; includeInIndex = 0; path = EMarketUITests.xctest; sourceTree = BUILT_PRODUCTS_DIR; };
		029C1BBF2BFBAC9E0083B5A5 /* EMarketUITests.swift */ = {isa = PBXFileReference; lastKnownFileType = sourcecode.swift; path = EMarketUITests.swift; sourceTree = "<group>"; };
		029C1BC12BFBAC9E0083B5A5 /* EMarketUITestsLaunchTests.swift */ = {isa = PBXFileReference; lastKnownFileType = sourcecode.swift; path = EMarketUITestsLaunchTests.swift; sourceTree = "<group>"; };
		029C1BDA2BFBAD8D0083B5A5 /* MainTabBarController.swift */ = {isa = PBXFileReference; lastKnownFileType = sourcecode.swift; path = MainTabBarController.swift; sourceTree = "<group>"; };
		029C1BDE2BFBB0570083B5A5 /* BaseViewController.swift */ = {isa = PBXFileReference; lastKnownFileType = sourcecode.swift; path = BaseViewController.swift; sourceTree = "<group>"; };
		029C1BE32BFBB0BC0083B5A5 /* FontType.swift */ = {isa = PBXFileReference; lastKnownFileType = sourcecode.swift; path = FontType.swift; sourceTree = "<group>"; };
		029C1BE52BFBB11E0083B5A5 /* Montserrat-SemiBold.ttf */ = {isa = PBXFileReference; lastKnownFileType = file; path = "Montserrat-SemiBold.ttf"; sourceTree = "<group>"; };
		029C1BE62BFBB11E0083B5A5 /* Montserrat-Medium.ttf */ = {isa = PBXFileReference; lastKnownFileType = file; path = "Montserrat-Medium.ttf"; sourceTree = "<group>"; };
		029C1BE72BFBB11E0083B5A5 /* Montserrat-Regular.ttf */ = {isa = PBXFileReference; lastKnownFileType = file; path = "Montserrat-Regular.ttf"; sourceTree = "<group>"; };
		029C1BEB2BFBB2090083B5A5 /* Font.swift */ = {isa = PBXFileReference; lastKnownFileType = sourcecode.swift; path = Font.swift; sourceTree = "<group>"; };
		029C1BF12BFBB3070083B5A5 /* Image.swift */ = {isa = PBXFileReference; lastKnownFileType = sourcecode.swift; path = Image.swift; sourceTree = "<group>"; };
		029C1BF62BFBB3F10083B5A5 /* UIImageView+Extension.swift */ = {isa = PBXFileReference; lastKnownFileType = sourcecode.swift; path = "UIImageView+Extension.swift"; sourceTree = "<group>"; };
		029C1BFF2BFBB8610083B5A5 /* tr */ = {isa = PBXFileReference; lastKnownFileType = text.plist.strings; name = tr; path = tr.lproj/Localizable.strings; sourceTree = "<group>"; };
		029C1C012BFBB8760083B5A5 /* en */ = {isa = PBXFileReference; lastKnownFileType = text.plist.strings; name = en; path = en.lproj/Localizable.strings; sourceTree = "<group>"; };
		029C1C022BFBB8A50083B5A5 /* String+Localization.swift */ = {isa = PBXFileReference; lastKnownFileType = sourcecode.swift; path = "String+Localization.swift"; sourceTree = "<group>"; };
		029C1C042BFBBC3D0083B5A5 /* ViewModel.swift */ = {isa = PBXFileReference; lastKnownFileType = sourcecode.swift; path = ViewModel.swift; sourceTree = "<group>"; };
		029C1C062BFBBE470083B5A5 /* NetworkError.swift */ = {isa = PBXFileReference; fileEncoding = 4; lastKnownFileType = sourcecode.swift; path = NetworkError.swift; sourceTree = "<group>"; };
		029C1C072BFBBE470083B5A5 /* NetworkErrorModel.swift */ = {isa = PBXFileReference; fileEncoding = 4; lastKnownFileType = sourcecode.swift; path = NetworkErrorModel.swift; sourceTree = "<group>"; };
		029C1C082BFBBE470083B5A5 /* NetworkResult.swift */ = {isa = PBXFileReference; fileEncoding = 4; lastKnownFileType = sourcecode.swift; path = NetworkResult.swift; sourceTree = "<group>"; };
		029C1C0A2BFBBE470083B5A5 /* NetworkHttpType.swift */ = {isa = PBXFileReference; fileEncoding = 4; lastKnownFileType = sourcecode.swift; path = NetworkHttpType.swift; sourceTree = "<group>"; };
		029C1C0B2BFBBE470083B5A5 /* NetworkRequest.swift */ = {isa = PBXFileReference; fileEncoding = 4; lastKnownFileType = sourcecode.swift; path = NetworkRequest.swift; sourceTree = "<group>"; };
		029C1C0D2BFBBE470083B5A5 /* NetworkManager.swift */ = {isa = PBXFileReference; fileEncoding = 4; lastKnownFileType = sourcecode.swift; path = NetworkManager.swift; sourceTree = "<group>"; };
		029C1C0E2BFBBE470083B5A5 /* NetworkManagerProtocol.swift */ = {isa = PBXFileReference; fileEncoding = 4; lastKnownFileType = sourcecode.swift; path = NetworkManagerProtocol.swift; sourceTree = "<group>"; };
		029C1C102BFBBE470083B5A5 /* NetworkService.swift */ = {isa = PBXFileReference; fileEncoding = 4; lastKnownFileType = sourcecode.swift; path = NetworkService.swift; sourceTree = "<group>"; };
		029C1C122BFBBE470083B5A5 /* NetworkServiceConfig.swift */ = {isa = PBXFileReference; fileEncoding = 4; lastKnownFileType = sourcecode.swift; path = NetworkServiceConfig.swift; sourceTree = "<group>"; };
		029C1C1F2BFBD1C90083B5A5 /* ViewController.swift */ = {isa = PBXFileReference; lastKnownFileType = sourcecode.swift; path = ViewController.swift; sourceTree = "<group>"; };
		029C1C222BFBD33F0083B5A5 /* ProductListingViewController.swift */ = {isa = PBXFileReference; lastKnownFileType = sourcecode.swift; path = ProductListingViewController.swift; sourceTree = "<group>"; };
		029C1C262BFBD3850083B5A5 /* ProductListingViewModel.swift */ = {isa = PBXFileReference; lastKnownFileType = sourcecode.swift; path = ProductListingViewModel.swift; sourceTree = "<group>"; };
		029C1C292BFBD7070083B5A5 /* ProductDetailViewController.swift */ = {isa = PBXFileReference; lastKnownFileType = sourcecode.swift; path = ProductDetailViewController.swift; sourceTree = "<group>"; };
		029C1C2C2BFBD72F0083B5A5 /* ProductDetailViewModel.swift */ = {isa = PBXFileReference; lastKnownFileType = sourcecode.swift; path = ProductDetailViewModel.swift; sourceTree = "<group>"; };
/* End PBXFileReference section */

/* Begin PBXFrameworksBuildPhase section */
		029C1B952BFBAC9C0083B5A5 /* Frameworks */ = {
			isa = PBXFrameworksBuildPhase;
			buildActionMask = 2147483647;
			files = (
				029C1BEF2BFBB2EB0083B5A5 /* Kingfisher in Frameworks */,
			);
			runOnlyForDeploymentPostprocessing = 0;
		};
		029C1BAE2BFBAC9E0083B5A5 /* Frameworks */ = {
			isa = PBXFrameworksBuildPhase;
			buildActionMask = 2147483647;
			files = (
			);
			runOnlyForDeploymentPostprocessing = 0;
		};
		029C1BB82BFBAC9E0083B5A5 /* Frameworks */ = {
			isa = PBXFrameworksBuildPhase;
			buildActionMask = 2147483647;
			files = (
			);
			runOnlyForDeploymentPostprocessing = 0;
		};
/* End PBXFrameworksBuildPhase section */

/* Begin PBXGroup section */
		029C1B8F2BFBAC9C0083B5A5 = {
			isa = PBXGroup;
			children = (
				029C1B9A2BFBAC9C0083B5A5 /* EMarket */,
				029C1BB42BFBAC9E0083B5A5 /* EMarketTests */,
				029C1BBE2BFBAC9E0083B5A5 /* EMarketUITests */,
				029C1B992BFBAC9C0083B5A5 /* Products */,
			);
			sourceTree = "<group>";
		};
		029C1B992BFBAC9C0083B5A5 /* Products */ = {
			isa = PBXGroup;
			children = (
				029C1B982BFBAC9C0083B5A5 /* EMarket.app */,
				029C1BB12BFBAC9E0083B5A5 /* EMarketTests.xctest */,
				029C1BBB2BFBAC9E0083B5A5 /* EMarketUITests.xctest */,
			);
			name = Products;
			sourceTree = "<group>";
		};
		029C1B9A2BFBAC9C0083B5A5 /* EMarket */ = {
			isa = PBXGroup;
			children = (
				029C1BCE2BFBACF50083B5A5 /* App */,
				029C1BCF2BFBACFC0083B5A5 /* Source */,
				029C1BDC2BFBADC60083B5A5 /* Assets */,
				029C1BAC2BFBAC9D0083B5A5 /* Info.plist */,
				029C1BA42BFBAC9C0083B5A5 /* EMarket.xcdatamodeld */,
			);
			path = EMarket;
			sourceTree = "<group>";
		};
		029C1BB42BFBAC9E0083B5A5 /* EMarketTests */ = {
			isa = PBXGroup;
			children = (
				029C1BB52BFBAC9E0083B5A5 /* EMarketTests.swift */,
			);
			path = EMarketTests;
			sourceTree = "<group>";
		};
		029C1BBE2BFBAC9E0083B5A5 /* EMarketUITests */ = {
			isa = PBXGroup;
			children = (
				029C1BBF2BFBAC9E0083B5A5 /* EMarketUITests.swift */,
				029C1BC12BFBAC9E0083B5A5 /* EMarketUITestsLaunchTests.swift */,
			);
			path = EMarketUITests;
			sourceTree = "<group>";
		};
		029C1BCE2BFBACF50083B5A5 /* App */ = {
			isa = PBXGroup;
			children = (
				029C1B9B2BFBAC9C0083B5A5 /* AppDelegate.swift */,
				029C1B9D2BFBAC9C0083B5A5 /* SceneDelegate.swift */,
			);
			path = App;
			sourceTree = "<group>";
		};
		029C1BCF2BFBACFC0083B5A5 /* Source */ = {
			isa = PBXGroup;
			children = (
				029C1BD12BFBAD0C0083B5A5 /* Model */,
				029C1BD32BFBAD1A0083B5A5 /* View */,
				029C1BD42BFBAD240083B5A5 /* ViewModel */,
				029C1BD52BFBAD300083B5A5 /* Repository */,
				029C1BD02BFBAD080083B5A5 /* Core */,
			);
			path = Source;
			sourceTree = "<group>";
		};
		029C1BD02BFBAD080083B5A5 /* Core */ = {
			isa = PBXGroup;
			children = (
				029C1C142BFBBE470083B5A5 /* Network */,
				029C1BF52BFBB3E40083B5A5 /* Extension */,
			);
			path = Core;
			sourceTree = "<group>";
		};
		029C1BD12BFBAD0C0083B5A5 /* Model */ = {
			isa = PBXGroup;
			children = (
			);
			path = Model;
			sourceTree = "<group>";
		};
		029C1BD32BFBAD1A0083B5A5 /* View */ = {
			isa = PBXGroup;
			children = (
				029C1BD82BFBAD770083B5A5 /* ViewControllers */,
				029C1BD72BFBAD6B0083B5A5 /* Views */,
			);
			path = View;
			sourceTree = "<group>";
		};
		029C1BD42BFBAD240083B5A5 /* ViewModel */ = {
			isa = PBXGroup;
			children = (
				029C1C2B2BFBD7200083B5A5 /* ProductDetail */,
				029C1C252BFBD3650083B5A5 /* ProductListing */,
				029C1C242BFBD35B0083B5A5 /* Base */,
			);
			path = ViewModel;
			sourceTree = "<group>";
		};
		029C1BD52BFBAD300083B5A5 /* Repository */ = {
			isa = PBXGroup;
			children = (
			);
			path = Repository;
			sourceTree = "<group>";
		};
		029C1BD72BFBAD6B0083B5A5 /* Views */ = {
			isa = PBXGroup;
			children = (
			);
			path = Views;
			sourceTree = "<group>";
		};
		029C1BD82BFBAD770083B5A5 /* ViewControllers */ = {
			isa = PBXGroup;
			children = (
				029C1C282BFBD6F30083B5A5 /* ProductDetail */,
				029C1C212BFBD2A20083B5A5 /* ProductListing */,
				029C1BDD2BFBB0070083B5A5 /* Base */,
				029C1BD92BFBAD820083B5A5 /* MainTabBar */,
			);
			path = ViewControllers;
			sourceTree = "<group>";
		};
		029C1BD92BFBAD820083B5A5 /* MainTabBar */ = {
			isa = PBXGroup;
			children = (
				029C1BDA2BFBAD8D0083B5A5 /* MainTabBarController.swift */,
			);
			path = MainTabBar;
			sourceTree = "<group>";
		};
		029C1BDC2BFBADC60083B5A5 /* Assets */ = {
			isa = PBXGroup;
			children = (
				029C1BFD2BFBB7950083B5A5 /* Localization */,
				029C1BF02BFBB2F70083B5A5 /* Image */,
				029C1BE02BFBB0820083B5A5 /* Font */,
				029C1BA72BFBAC9D0083B5A5 /* Assets.xcassets */,
			);
			path = Assets;
			sourceTree = "<group>";
		};
		029C1BDD2BFBB0070083B5A5 /* Base */ = {
			isa = PBXGroup;
			children = (
				029C1BDE2BFBB0570083B5A5 /* BaseViewController.swift */,
				029C1C1F2BFBD1C90083B5A5 /* ViewController.swift */,
			);
			path = Base;
			sourceTree = "<group>";
		};
		029C1BE02BFBB0820083B5A5 /* Font */ = {
			isa = PBXGroup;
			children = (
				029C1BE12BFBB0990083B5A5 /* Fonts */,
				029C1BEB2BFBB2090083B5A5 /* Font.swift */,
			);
			path = Font;
			sourceTree = "<group>";
		};
		029C1BE12BFBB0990083B5A5 /* Fonts */ = {
			isa = PBXGroup;
			children = (
				029C1BE22BFBB0A80083B5A5 /* Montserrat */,
				029C1BE32BFBB0BC0083B5A5 /* FontType.swift */,
			);
			path = Fonts;
			sourceTree = "<group>";
		};
		029C1BE22BFBB0A80083B5A5 /* Montserrat */ = {
			isa = PBXGroup;
			children = (
				029C1BE62BFBB11E0083B5A5 /* Montserrat-Medium.ttf */,
				029C1BE72BFBB11E0083B5A5 /* Montserrat-Regular.ttf */,
				029C1BE52BFBB11E0083B5A5 /* Montserrat-SemiBold.ttf */,
			);
			path = Montserrat;
			sourceTree = "<group>";
		};
		029C1BF02BFBB2F70083B5A5 /* Image */ = {
			isa = PBXGroup;
			children = (
				029C1BF12BFBB3070083B5A5 /* Image.swift */,
			);
			path = Image;
			sourceTree = "<group>";
		};
		029C1BF52BFBB3E40083B5A5 /* Extension */ = {
			isa = PBXGroup;
			children = (
				029C1BF62BFBB3F10083B5A5 /* UIImageView+Extension.swift */,
				029C1C022BFBB8A50083B5A5 /* String+Localization.swift */,
			);
			path = Extension;
			sourceTree = "<group>";
		};
		029C1BFD2BFBB7950083B5A5 /* Localization */ = {
			isa = PBXGroup;
			children = (
				029C1BFE2BFBB8610083B5A5 /* Localizable.strings */,
			);
			path = Localization;
			sourceTree = "<group>";
		};
		029C1C092BFBBE470083B5A5 /* Error */ = {
			isa = PBXGroup;
			children = (
				029C1C062BFBBE470083B5A5 /* NetworkError.swift */,
				029C1C072BFBBE470083B5A5 /* NetworkErrorModel.swift */,
				029C1C082BFBBE470083B5A5 /* NetworkResult.swift */,
			);
			path = Error;
			sourceTree = "<group>";
		};
		029C1C0C2BFBBE470083B5A5 /* Basics */ = {
			isa = PBXGroup;
			children = (
				029C1C092BFBBE470083B5A5 /* Error */,
				029C1C0A2BFBBE470083B5A5 /* NetworkHttpType.swift */,
				029C1C0B2BFBBE470083B5A5 /* NetworkRequest.swift */,
			);
			path = Basics;
			sourceTree = "<group>";
		};
		029C1C0F2BFBBE470083B5A5 /* NetworkManager */ = {
			isa = PBXGroup;
			children = (
				029C1C0D2BFBBE470083B5A5 /* NetworkManager.swift */,
				029C1C0E2BFBBE470083B5A5 /* NetworkManagerProtocol.swift */,
			);
			path = NetworkManager;
			sourceTree = "<group>";
		};
		029C1C132BFBBE470083B5A5 /* Service */ = {
			isa = PBXGroup;
			children = (
				029C1C102BFBBE470083B5A5 /* NetworkService.swift */,
				029C1C122BFBBE470083B5A5 /* NetworkServiceConfig.swift */,
			);
			path = Service;
			sourceTree = "<group>";
		};
		029C1C142BFBBE470083B5A5 /* Network */ = {
			isa = PBXGroup;
			children = (
				029C1C0C2BFBBE470083B5A5 /* Basics */,
				029C1C0F2BFBBE470083B5A5 /* NetworkManager */,
				029C1C132BFBBE470083B5A5 /* Service */,
			);
			path = Network;
			sourceTree = "<group>";
		};
		029C1C212BFBD2A20083B5A5 /* ProductListing */ = {
			isa = PBXGroup;
			children = (
				029C1C222BFBD33F0083B5A5 /* ProductListingViewController.swift */,
			);
			path = ProductListing;
			sourceTree = "<group>";
		};
		029C1C242BFBD35B0083B5A5 /* Base */ = {
			isa = PBXGroup;
			children = (
				029C1C042BFBBC3D0083B5A5 /* ViewModel.swift */,
			);
			path = Base;
			sourceTree = "<group>";
		};
		029C1C252BFBD3650083B5A5 /* ProductListing */ = {
			isa = PBXGroup;
			children = (
				029C1C262BFBD3850083B5A5 /* ProductListingViewModel.swift */,
			);
			path = ProductListing;
			sourceTree = "<group>";
		};
		029C1C282BFBD6F30083B5A5 /* ProductDetail */ = {
			isa = PBXGroup;
			children = (
				029C1C292BFBD7070083B5A5 /* ProductDetailViewController.swift */,
			);
			path = ProductDetail;
			sourceTree = "<group>";
		};
		029C1C2B2BFBD7200083B5A5 /* ProductDetail */ = {
			isa = PBXGroup;
			children = (
				029C1C2C2BFBD72F0083B5A5 /* ProductDetailViewModel.swift */,
			);
			path = ProductDetail;
			sourceTree = "<group>";
		};
/* End PBXGroup section */

/* Begin PBXNativeTarget section */
		029C1B972BFBAC9C0083B5A5 /* EMarket */ = {
			isa = PBXNativeTarget;
			buildConfigurationList = 029C1BC52BFBAC9E0083B5A5 /* Build configuration list for PBXNativeTarget "EMarket" */;
			buildPhases = (
				029C1B942BFBAC9C0083B5A5 /* Sources */,
				029C1B952BFBAC9C0083B5A5 /* Frameworks */,
				029C1B962BFBAC9C0083B5A5 /* Resources */,
			);
			buildRules = (
			);
			dependencies = (
			);
			name = EMarket;
			packageProductDependencies = (
				029C1BEE2BFBB2EB0083B5A5 /* Kingfisher */,
			);
			productName = EMarket;
			productReference = 029C1B982BFBAC9C0083B5A5 /* EMarket.app */;
			productType = "com.apple.product-type.application";
		};
		029C1BB02BFBAC9E0083B5A5 /* EMarketTests */ = {
			isa = PBXNativeTarget;
			buildConfigurationList = 029C1BC82BFBAC9E0083B5A5 /* Build configuration list for PBXNativeTarget "EMarketTests" */;
			buildPhases = (
				029C1BAD2BFBAC9E0083B5A5 /* Sources */,
				029C1BAE2BFBAC9E0083B5A5 /* Frameworks */,
				029C1BAF2BFBAC9E0083B5A5 /* Resources */,
			);
			buildRules = (
			);
			dependencies = (
				029C1BB32BFBAC9E0083B5A5 /* PBXTargetDependency */,
			);
			name = EMarketTests;
			productName = EMarketTests;
			productReference = 029C1BB12BFBAC9E0083B5A5 /* EMarketTests.xctest */;
			productType = "com.apple.product-type.bundle.unit-test";
		};
		029C1BBA2BFBAC9E0083B5A5 /* EMarketUITests */ = {
			isa = PBXNativeTarget;
			buildConfigurationList = 029C1BCB2BFBAC9E0083B5A5 /* Build configuration list for PBXNativeTarget "EMarketUITests" */;
			buildPhases = (
				029C1BB72BFBAC9E0083B5A5 /* Sources */,
				029C1BB82BFBAC9E0083B5A5 /* Frameworks */,
				029C1BB92BFBAC9E0083B5A5 /* Resources */,
			);
			buildRules = (
			);
			dependencies = (
				029C1BBD2BFBAC9E0083B5A5 /* PBXTargetDependency */,
			);
			name = EMarketUITests;
			productName = EMarketUITests;
			productReference = 029C1BBB2BFBAC9E0083B5A5 /* EMarketUITests.xctest */;
			productType = "com.apple.product-type.bundle.ui-testing";
		};
/* End PBXNativeTarget section */

/* Begin PBXProject section */
		029C1B902BFBAC9C0083B5A5 /* Project object */ = {
			isa = PBXProject;
			attributes = {
				BuildIndependentTargetsInParallel = 1;
				LastSwiftUpdateCheck = 1530;
				LastUpgradeCheck = 1530;
				TargetAttributes = {
					029C1B972BFBAC9C0083B5A5 = {
						CreatedOnToolsVersion = 15.3;
					};
					029C1BB02BFBAC9E0083B5A5 = {
						CreatedOnToolsVersion = 15.3;
						TestTargetID = 029C1B972BFBAC9C0083B5A5;
					};
					029C1BBA2BFBAC9E0083B5A5 = {
						CreatedOnToolsVersion = 15.3;
						TestTargetID = 029C1B972BFBAC9C0083B5A5;
					};
				};
			};
			buildConfigurationList = 029C1B932BFBAC9C0083B5A5 /* Build configuration list for PBXProject "EMarket" */;
			compatibilityVersion = "Xcode 14.0";
			developmentRegion = tr;
			hasScannedForEncodings = 0;
			knownRegions = (
				en,
				Base,
				tr,
			);
			mainGroup = 029C1B8F2BFBAC9C0083B5A5;
			packageReferences = (
				029C1BED2BFBB2EB0083B5A5 /* XCRemoteSwiftPackageReference "Kingfisher" */,
			);
			productRefGroup = 029C1B992BFBAC9C0083B5A5 /* Products */;
			projectDirPath = "";
			projectRoot = "";
			targets = (
				029C1B972BFBAC9C0083B5A5 /* EMarket */,
				029C1BB02BFBAC9E0083B5A5 /* EMarketTests */,
				029C1BBA2BFBAC9E0083B5A5 /* EMarketUITests */,
			);
		};
/* End PBXProject section */

/* Begin PBXResourcesBuildPhase section */
		029C1B962BFBAC9C0083B5A5 /* Resources */ = {
			isa = PBXResourcesBuildPhase;
			buildActionMask = 2147483647;
			files = (
				029C1C002BFBB8610083B5A5 /* Localizable.strings in Resources */,
				029C1BEA2BFBB11E0083B5A5 /* Montserrat-Regular.ttf in Resources */,
				029C1BE82BFBB11E0083B5A5 /* Montserrat-SemiBold.ttf in Resources */,
				029C1BE92BFBB11E0083B5A5 /* Montserrat-Medium.ttf in Resources */,
				029C1BA82BFBAC9D0083B5A5 /* Assets.xcassets in Resources */,
			);
			runOnlyForDeploymentPostprocessing = 0;
		};
		029C1BAF2BFBAC9E0083B5A5 /* Resources */ = {
			isa = PBXResourcesBuildPhase;
			buildActionMask = 2147483647;
			files = (
			);
			runOnlyForDeploymentPostprocessing = 0;
		};
		029C1BB92BFBAC9E0083B5A5 /* Resources */ = {
			isa = PBXResourcesBuildPhase;
			buildActionMask = 2147483647;
			files = (
			);
			runOnlyForDeploymentPostprocessing = 0;
		};
/* End PBXResourcesBuildPhase section */

/* Begin PBXSourcesBuildPhase section */
		029C1B942BFBAC9C0083B5A5 /* Sources */ = {
			isa = PBXSourcesBuildPhase;
			buildActionMask = 2147483647;
			files = (
				029C1BE42BFBB0BC0083B5A5 /* FontType.swift in Sources */,
				029C1BF22BFBB3070083B5A5 /* Image.swift in Sources */,
				029C1C192BFBBE470083B5A5 /* NetworkRequest.swift in Sources */,
				029C1BDF2BFBB0570083B5A5 /* BaseViewController.swift in Sources */,
				029C1C272BFBD3850083B5A5 /* ProductListingViewModel.swift in Sources */,
				029C1C2A2BFBD7070083B5A5 /* ProductDetailViewController.swift in Sources */,
				029C1C052BFBBC3D0083B5A5 /* ViewModel.swift in Sources */,
				029C1BF72BFBB3F10083B5A5 /* UIImageView+Extension.swift in Sources */,
				029C1C162BFBBE470083B5A5 /* NetworkErrorModel.swift in Sources */,
				029C1C182BFBBE470083B5A5 /* NetworkHttpType.swift in Sources */,
				029C1BEC2BFBB2090083B5A5 /* Font.swift in Sources */,
				029C1BA62BFBAC9C0083B5A5 /* EMarket.xcdatamodeld in Sources */,
				029C1C1B2BFBBE470083B5A5 /* NetworkManagerProtocol.swift in Sources */,
				029C1C1A2BFBBE470083B5A5 /* NetworkManager.swift in Sources */,
				029C1C1E2BFBBE470083B5A5 /* NetworkServiceConfig.swift in Sources */,
				029C1BDB2BFBAD8D0083B5A5 /* MainTabBarController.swift in Sources */,
				029C1B9C2BFBAC9C0083B5A5 /* AppDelegate.swift in Sources */,
				029C1C152BFBBE470083B5A5 /* NetworkError.swift in Sources */,
				029C1C1C2BFBBE470083B5A5 /* NetworkService.swift in Sources */,
				029C1B9E2BFBAC9C0083B5A5 /* SceneDelegate.swift in Sources */,
				029C1C202BFBD1C90083B5A5 /* ViewController.swift in Sources */,
				029C1C232BFBD33F0083B5A5 /* ProductListingViewController.swift in Sources */,
				029C1C032BFBB8A50083B5A5 /* String+Localization.swift in Sources */,
				029C1C2D2BFBD72F0083B5A5 /* ProductDetailViewModel.swift in Sources */,
				029C1C172BFBBE470083B5A5 /* NetworkResult.swift in Sources */,
			);
			runOnlyForDeploymentPostprocessing = 0;
		};
		029C1BAD2BFBAC9E0083B5A5 /* Sources */ = {
			isa = PBXSourcesBuildPhase;
			buildActionMask = 2147483647;
			files = (
				029C1BB62BFBAC9E0083B5A5 /* EMarketTests.swift in Sources */,
			);
			runOnlyForDeploymentPostprocessing = 0;
		};
		029C1BB72BFBAC9E0083B5A5 /* Sources */ = {
			isa = PBXSourcesBuildPhase;
			buildActionMask = 2147483647;
			files = (
				029C1BC22BFBAC9E0083B5A5 /* EMarketUITestsLaunchTests.swift in Sources */,
				029C1BC02BFBAC9E0083B5A5 /* EMarketUITests.swift in Sources */,
			);
			runOnlyForDeploymentPostprocessing = 0;
		};
/* End PBXSourcesBuildPhase section */

/* Begin PBXTargetDependency section */
		029C1BB32BFBAC9E0083B5A5 /* PBXTargetDependency */ = {
			isa = PBXTargetDependency;
			target = 029C1B972BFBAC9C0083B5A5 /* EMarket */;
			targetProxy = 029C1BB22BFBAC9E0083B5A5 /* PBXContainerItemProxy */;
		};
		029C1BBD2BFBAC9E0083B5A5 /* PBXTargetDependency */ = {
			isa = PBXTargetDependency;
			target = 029C1B972BFBAC9C0083B5A5 /* EMarket */;
			targetProxy = 029C1BBC2BFBAC9E0083B5A5 /* PBXContainerItemProxy */;
		};
/* End PBXTargetDependency section */

/* Begin PBXVariantGroup section */
		029C1BFE2BFBB8610083B5A5 /* Localizable.strings */ = {
			isa = PBXVariantGroup;
			children = (
				029C1BFF2BFBB8610083B5A5 /* tr */,
				029C1C012BFBB8760083B5A5 /* en */,
			);
			name = Localizable.strings;
			sourceTree = "<group>";
		};
/* End PBXVariantGroup section */

/* Begin XCBuildConfiguration section */
		029C1BC32BFBAC9E0083B5A5 /* Debug */ = {
			isa = XCBuildConfiguration;
			buildSettings = {
				ALWAYS_SEARCH_USER_PATHS = NO;
				ASSETCATALOG_COMPILER_GENERATE_SWIFT_ASSET_SYMBOL_EXTENSIONS = YES;
				CLANG_ANALYZER_NONNULL = YES;
				CLANG_ANALYZER_NUMBER_OBJECT_CONVERSION = YES_AGGRESSIVE;
				CLANG_CXX_LANGUAGE_STANDARD = "gnu++20";
				CLANG_ENABLE_MODULES = YES;
				CLANG_ENABLE_OBJC_ARC = YES;
				CLANG_ENABLE_OBJC_WEAK = YES;
				CLANG_WARN_BLOCK_CAPTURE_AUTORELEASING = YES;
				CLANG_WARN_BOOL_CONVERSION = YES;
				CLANG_WARN_COMMA = YES;
				CLANG_WARN_CONSTANT_CONVERSION = YES;
				CLANG_WARN_DEPRECATED_OBJC_IMPLEMENTATIONS = YES;
				CLANG_WARN_DIRECT_OBJC_ISA_USAGE = YES_ERROR;
				CLANG_WARN_DOCUMENTATION_COMMENTS = YES;
				CLANG_WARN_EMPTY_BODY = YES;
				CLANG_WARN_ENUM_CONVERSION = YES;
				CLANG_WARN_INFINITE_RECURSION = YES;
				CLANG_WARN_INT_CONVERSION = YES;
				CLANG_WARN_NON_LITERAL_NULL_CONVERSION = YES;
				CLANG_WARN_OBJC_IMPLICIT_RETAIN_SELF = YES;
				CLANG_WARN_OBJC_LITERAL_CONVERSION = YES;
				CLANG_WARN_OBJC_ROOT_CLASS = YES_ERROR;
				CLANG_WARN_QUOTED_INCLUDE_IN_FRAMEWORK_HEADER = YES;
				CLANG_WARN_RANGE_LOOP_ANALYSIS = YES;
				CLANG_WARN_STRICT_PROTOTYPES = YES;
				CLANG_WARN_SUSPICIOUS_MOVE = YES;
				CLANG_WARN_UNGUARDED_AVAILABILITY = YES_AGGRESSIVE;
				CLANG_WARN_UNREACHABLE_CODE = YES;
				CLANG_WARN__DUPLICATE_METHOD_MATCH = YES;
				COPY_PHASE_STRIP = NO;
				DEBUG_INFORMATION_FORMAT = dwarf;
				ENABLE_STRICT_OBJC_MSGSEND = YES;
				ENABLE_TESTABILITY = YES;
				ENABLE_USER_SCRIPT_SANDBOXING = YES;
				GCC_C_LANGUAGE_STANDARD = gnu17;
				GCC_DYNAMIC_NO_PIC = NO;
				GCC_NO_COMMON_BLOCKS = YES;
				GCC_OPTIMIZATION_LEVEL = 0;
				GCC_PREPROCESSOR_DEFINITIONS = (
					"DEBUG=1",
					"$(inherited)",
				);
				GCC_WARN_64_TO_32_BIT_CONVERSION = YES;
				GCC_WARN_ABOUT_RETURN_TYPE = YES_ERROR;
				GCC_WARN_UNDECLARED_SELECTOR = YES;
				GCC_WARN_UNINITIALIZED_AUTOS = YES_AGGRESSIVE;
				GCC_WARN_UNUSED_FUNCTION = YES;
				GCC_WARN_UNUSED_VARIABLE = YES;
				INFOPLIST_KEY_NSMainNibFile = "";
				IPHONEOS_DEPLOYMENT_TARGET = 17.4;
				LOCALIZATION_PREFERS_STRING_CATALOGS = YES;
				MTL_ENABLE_DEBUG_INFO = INCLUDE_SOURCE;
				MTL_FAST_MATH = YES;
				ONLY_ACTIVE_ARCH = YES;
				SDKROOT = iphoneos;
				SWIFT_ACTIVE_COMPILATION_CONDITIONS = "DEBUG $(inherited)";
				SWIFT_OPTIMIZATION_LEVEL = "-Onone";
			};
			name = Debug;
		};
		029C1BC42BFBAC9E0083B5A5 /* Release */ = {
			isa = XCBuildConfiguration;
			buildSettings = {
				ALWAYS_SEARCH_USER_PATHS = NO;
				ASSETCATALOG_COMPILER_GENERATE_SWIFT_ASSET_SYMBOL_EXTENSIONS = YES;
				CLANG_ANALYZER_NONNULL = YES;
				CLANG_ANALYZER_NUMBER_OBJECT_CONVERSION = YES_AGGRESSIVE;
				CLANG_CXX_LANGUAGE_STANDARD = "gnu++20";
				CLANG_ENABLE_MODULES = YES;
				CLANG_ENABLE_OBJC_ARC = YES;
				CLANG_ENABLE_OBJC_WEAK = YES;
				CLANG_WARN_BLOCK_CAPTURE_AUTORELEASING = YES;
				CLANG_WARN_BOOL_CONVERSION = YES;
				CLANG_WARN_COMMA = YES;
				CLANG_WARN_CONSTANT_CONVERSION = YES;
				CLANG_WARN_DEPRECATED_OBJC_IMPLEMENTATIONS = YES;
				CLANG_WARN_DIRECT_OBJC_ISA_USAGE = YES_ERROR;
				CLANG_WARN_DOCUMENTATION_COMMENTS = YES;
				CLANG_WARN_EMPTY_BODY = YES;
				CLANG_WARN_ENUM_CONVERSION = YES;
				CLANG_WARN_INFINITE_RECURSION = YES;
				CLANG_WARN_INT_CONVERSION = YES;
				CLANG_WARN_NON_LITERAL_NULL_CONVERSION = YES;
				CLANG_WARN_OBJC_IMPLICIT_RETAIN_SELF = YES;
				CLANG_WARN_OBJC_LITERAL_CONVERSION = YES;
				CLANG_WARN_OBJC_ROOT_CLASS = YES_ERROR;
				CLANG_WARN_QUOTED_INCLUDE_IN_FRAMEWORK_HEADER = YES;
				CLANG_WARN_RANGE_LOOP_ANALYSIS = YES;
				CLANG_WARN_STRICT_PROTOTYPES = YES;
				CLANG_WARN_SUSPICIOUS_MOVE = YES;
				CLANG_WARN_UNGUARDED_AVAILABILITY = YES_AGGRESSIVE;
				CLANG_WARN_UNREACHABLE_CODE = YES;
				CLANG_WARN__DUPLICATE_METHOD_MATCH = YES;
				COPY_PHASE_STRIP = NO;
				DEBUG_INFORMATION_FORMAT = "dwarf-with-dsym";
				ENABLE_NS_ASSERTIONS = NO;
				ENABLE_STRICT_OBJC_MSGSEND = YES;
				ENABLE_USER_SCRIPT_SANDBOXING = YES;
				GCC_C_LANGUAGE_STANDARD = gnu17;
				GCC_NO_COMMON_BLOCKS = YES;
				GCC_WARN_64_TO_32_BIT_CONVERSION = YES;
				GCC_WARN_ABOUT_RETURN_TYPE = YES_ERROR;
				GCC_WARN_UNDECLARED_SELECTOR = YES;
				GCC_WARN_UNINITIALIZED_AUTOS = YES_AGGRESSIVE;
				GCC_WARN_UNUSED_FUNCTION = YES;
				GCC_WARN_UNUSED_VARIABLE = YES;
				INFOPLIST_KEY_NSMainNibFile = "";
				IPHONEOS_DEPLOYMENT_TARGET = 17.4;
				LOCALIZATION_PREFERS_STRING_CATALOGS = YES;
				MTL_ENABLE_DEBUG_INFO = NO;
				MTL_FAST_MATH = YES;
				SDKROOT = iphoneos;
				SWIFT_COMPILATION_MODE = wholemodule;
				VALIDATE_PRODUCT = YES;
			};
			name = Release;
		};
		029C1BC62BFBAC9E0083B5A5 /* Debug */ = {
			isa = XCBuildConfiguration;
			buildSettings = {
				ASSETCATALOG_COMPILER_APPICON_NAME = AppIcon;
				ASSETCATALOG_COMPILER_GLOBAL_ACCENT_COLOR_NAME = AccentColor;
				CODE_SIGN_STYLE = Automatic;
				CURRENT_PROJECT_VERSION = 1;
				DEVELOPMENT_TEAM = M8Y74S5JTU;
				GENERATE_INFOPLIST_FILE = YES;
				INFOPLIST_FILE = EMarket/Info.plist;
				INFOPLIST_KEY_CFBundleDisplayName = "E-Market";
				INFOPLIST_KEY_LSApplicationCategoryType = "public.app-category.shopping";
				INFOPLIST_KEY_NSMainNibFile = "";
				INFOPLIST_KEY_UIApplicationSupportsIndirectInputEvents = YES;
				INFOPLIST_KEY_UILaunchStoryboardName = "";
				INFOPLIST_KEY_UIMainStoryboardFile = "";
				INFOPLIST_KEY_UISupportedInterfaceOrientations = UIInterfaceOrientationPortrait;
				INFOPLIST_KEY_UISupportedInterfaceOrientations_iPad = "UIInterfaceOrientationLandscapeLeft UIInterfaceOrientationLandscapeRight UIInterfaceOrientationPortrait UIInterfaceOrientationPortraitUpsideDown";
				IPHONEOS_DEPLOYMENT_TARGET = 15.0;
				LD_RUNPATH_SEARCH_PATHS = (
					"$(inherited)",
					"@executable_path/Frameworks",
				);
				MARKETING_VERSION = 1.0;
				PRODUCT_BUNDLE_IDENTIFIER = com.cemaltuysuz.emarket.EMarket;
				PRODUCT_NAME = "$(TARGET_NAME)";
				SUPPORTED_PLATFORMS = "iphoneos iphonesimulator";
				SUPPORTS_MACCATALYST = NO;
				SUPPORTS_MAC_DESIGNED_FOR_IPHONE_IPAD = NO;
				SUPPORTS_XR_DESIGNED_FOR_IPHONE_IPAD = NO;
				SWIFT_EMIT_LOC_STRINGS = YES;
				SWIFT_VERSION = 5.0;
				TARGETED_DEVICE_FAMILY = 1;
			};
			name = Debug;
		};
		029C1BC72BFBAC9E0083B5A5 /* Release */ = {
			isa = XCBuildConfiguration;
			buildSettings = {
				ASSETCATALOG_COMPILER_APPICON_NAME = AppIcon;
				ASSETCATALOG_COMPILER_GLOBAL_ACCENT_COLOR_NAME = AccentColor;
				CODE_SIGN_STYLE = Automatic;
				CURRENT_PROJECT_VERSION = 1;
				DEVELOPMENT_TEAM = M8Y74S5JTU;
				GENERATE_INFOPLIST_FILE = YES;
				INFOPLIST_FILE = EMarket/Info.plist;
				INFOPLIST_KEY_CFBundleDisplayName = "E-Market";
				INFOPLIST_KEY_LSApplicationCategoryType = "public.app-category.shopping";
				INFOPLIST_KEY_NSMainNibFile = "";
				INFOPLIST_KEY_UIApplicationSupportsIndirectInputEvents = YES;
				INFOPLIST_KEY_UILaunchStoryboardName = "";
				INFOPLIST_KEY_UIMainStoryboardFile = "";
				INFOPLIST_KEY_UISupportedInterfaceOrientations = UIInterfaceOrientationPortrait;
				INFOPLIST_KEY_UISupportedInterfaceOrientations_iPad = "UIInterfaceOrientationLandscapeLeft UIInterfaceOrientationLandscapeRight UIInterfaceOrientationPortrait UIInterfaceOrientationPortraitUpsideDown";
				IPHONEOS_DEPLOYMENT_TARGET = 15.0;
				LD_RUNPATH_SEARCH_PATHS = (
					"$(inherited)",
					"@executable_path/Frameworks",
				);
				MARKETING_VERSION = 1.0;
				PRODUCT_BUNDLE_IDENTIFIER = com.cemaltuysuz.emarket.EMarket;
				PRODUCT_NAME = "$(TARGET_NAME)";
				SUPPORTED_PLATFORMS = "iphoneos iphonesimulator";
				SUPPORTS_MACCATALYST = NO;
				SUPPORTS_MAC_DESIGNED_FOR_IPHONE_IPAD = NO;
				SUPPORTS_XR_DESIGNED_FOR_IPHONE_IPAD = NO;
				SWIFT_EMIT_LOC_STRINGS = YES;
				SWIFT_VERSION = 5.0;
				TARGETED_DEVICE_FAMILY = 1;
			};
			name = Release;
		};
		029C1BC92BFBAC9E0083B5A5 /* Debug */ = {
			isa = XCBuildConfiguration;
			buildSettings = {
				ALWAYS_EMBED_SWIFT_STANDARD_LIBRARIES = YES;
				BUNDLE_LOADER = "$(TEST_HOST)";
				CODE_SIGN_STYLE = Automatic;
				CURRENT_PROJECT_VERSION = 1;
				DEVELOPMENT_TEAM = M8Y74S5JTU;
				GENERATE_INFOPLIST_FILE = YES;
				INFOPLIST_KEY_NSMainNibFile = "";
				IPHONEOS_DEPLOYMENT_TARGET = 17.4;
				MARKETING_VERSION = 1.0;
				PRODUCT_BUNDLE_IDENTIFIER = com.cemaltuysuz.emarket.EMarketTests;
				PRODUCT_NAME = "$(TARGET_NAME)";
				SWIFT_EMIT_LOC_STRINGS = NO;
				SWIFT_VERSION = 5.0;
				TARGETED_DEVICE_FAMILY = "1,2";
				TEST_HOST = "$(BUILT_PRODUCTS_DIR)/EMarket.app/$(BUNDLE_EXECUTABLE_FOLDER_PATH)/EMarket";
			};
			name = Debug;
		};
		029C1BCA2BFBAC9E0083B5A5 /* Release */ = {
			isa = XCBuildConfiguration;
			buildSettings = {
				ALWAYS_EMBED_SWIFT_STANDARD_LIBRARIES = YES;
				BUNDLE_LOADER = "$(TEST_HOST)";
				CODE_SIGN_STYLE = Automatic;
				CURRENT_PROJECT_VERSION = 1;
				DEVELOPMENT_TEAM = M8Y74S5JTU;
				GENERATE_INFOPLIST_FILE = YES;
				INFOPLIST_KEY_NSMainNibFile = "";
				IPHONEOS_DEPLOYMENT_TARGET = 17.4;
				MARKETING_VERSION = 1.0;
				PRODUCT_BUNDLE_IDENTIFIER = com.cemaltuysuz.emarket.EMarketTests;
				PRODUCT_NAME = "$(TARGET_NAME)";
				SWIFT_EMIT_LOC_STRINGS = NO;
				SWIFT_VERSION = 5.0;
				TARGETED_DEVICE_FAMILY = "1,2";
				TEST_HOST = "$(BUILT_PRODUCTS_DIR)/EMarket.app/$(BUNDLE_EXECUTABLE_FOLDER_PATH)/EMarket";
			};
			name = Release;
		};
		029C1BCC2BFBAC9E0083B5A5 /* Debug */ = {
			isa = XCBuildConfiguration;
			buildSettings = {
				ALWAYS_EMBED_SWIFT_STANDARD_LIBRARIES = YES;
				CODE_SIGN_STYLE = Automatic;
				CURRENT_PROJECT_VERSION = 1;
				DEVELOPMENT_TEAM = M8Y74S5JTU;
				GENERATE_INFOPLIST_FILE = YES;
				INFOPLIST_KEY_NSMainNibFile = "";
				MARKETING_VERSION = 1.0;
				PRODUCT_BUNDLE_IDENTIFIER = com.cemaltuysuz.emarket.EMarketUITests;
				PRODUCT_NAME = "$(TARGET_NAME)";
				SWIFT_EMIT_LOC_STRINGS = NO;
				SWIFT_VERSION = 5.0;
				TARGETED_DEVICE_FAMILY = "1,2";
				TEST_TARGET_NAME = EMarket;
			};
			name = Debug;
		};
		029C1BCD2BFBAC9E0083B5A5 /* Release */ = {
			isa = XCBuildConfiguration;
			buildSettings = {
				ALWAYS_EMBED_SWIFT_STANDARD_LIBRARIES = YES;
				CODE_SIGN_STYLE = Automatic;
				CURRENT_PROJECT_VERSION = 1;
				DEVELOPMENT_TEAM = M8Y74S5JTU;
				GENERATE_INFOPLIST_FILE = YES;
				INFOPLIST_KEY_NSMainNibFile = "";
				MARKETING_VERSION = 1.0;
				PRODUCT_BUNDLE_IDENTIFIER = com.cemaltuysuz.emarket.EMarketUITests;
				PRODUCT_NAME = "$(TARGET_NAME)";
				SWIFT_EMIT_LOC_STRINGS = NO;
				SWIFT_VERSION = 5.0;
				TARGETED_DEVICE_FAMILY = "1,2";
				TEST_TARGET_NAME = EMarket;
			};
			name = Release;
		};
/* End XCBuildConfiguration section */

/* Begin XCConfigurationList section */
		029C1B932BFBAC9C0083B5A5 /* Build configuration list for PBXProject "EMarket" */ = {
			isa = XCConfigurationList;
			buildConfigurations = (
				029C1BC32BFBAC9E0083B5A5 /* Debug */,
				029C1BC42BFBAC9E0083B5A5 /* Release */,
			);
			defaultConfigurationIsVisible = 0;
			defaultConfigurationName = Release;
		};
		029C1BC52BFBAC9E0083B5A5 /* Build configuration list for PBXNativeTarget "EMarket" */ = {
			isa = XCConfigurationList;
			buildConfigurations = (
				029C1BC62BFBAC9E0083B5A5 /* Debug */,
				029C1BC72BFBAC9E0083B5A5 /* Release */,
			);
			defaultConfigurationIsVisible = 0;
			defaultConfigurationName = Release;
		};
		029C1BC82BFBAC9E0083B5A5 /* Build configuration list for PBXNativeTarget "EMarketTests" */ = {
			isa = XCConfigurationList;
			buildConfigurations = (
				029C1BC92BFBAC9E0083B5A5 /* Debug */,
				029C1BCA2BFBAC9E0083B5A5 /* Release */,
			);
			defaultConfigurationIsVisible = 0;
			defaultConfigurationName = Release;
		};
		029C1BCB2BFBAC9E0083B5A5 /* Build configuration list for PBXNativeTarget "EMarketUITests" */ = {
			isa = XCConfigurationList;
			buildConfigurations = (
				029C1BCC2BFBAC9E0083B5A5 /* Debug */,
				029C1BCD2BFBAC9E0083B5A5 /* Release */,
			);
			defaultConfigurationIsVisible = 0;
			defaultConfigurationName = Release;
		};
/* End XCConfigurationList section */

/* Begin XCRemoteSwiftPackageReference section */
		029C1BED2BFBB2EB0083B5A5 /* XCRemoteSwiftPackageReference "Kingfisher" */ = {
			isa = XCRemoteSwiftPackageReference;
			repositoryURL = "https://github.com/onevcat/Kingfisher.git";
			requirement = {
				kind = upToNextMajorVersion;
				minimumVersion = 7.11.0;
			};
		};
/* End XCRemoteSwiftPackageReference section */

/* Begin XCSwiftPackageProductDependency section */
		029C1BEE2BFBB2EB0083B5A5 /* Kingfisher */ = {
			isa = XCSwiftPackageProductDependency;
			package = 029C1BED2BFBB2EB0083B5A5 /* XCRemoteSwiftPackageReference "Kingfisher" */;
			productName = Kingfisher;
		};
/* End XCSwiftPackageProductDependency section */

/* Begin XCVersionGroup section */
		029C1BA42BFBAC9C0083B5A5 /* EMarket.xcdatamodeld */ = {
			isa = XCVersionGroup;
			children = (
				029C1BA52BFBAC9C0083B5A5 /* EMarket.xcdatamodel */,
			);
			currentVersion = 029C1BA52BFBAC9C0083B5A5 /* EMarket.xcdatamodel */;
			path = EMarket.xcdatamodeld;
			sourceTree = "<group>";
			versionGroupType = wrapper.xcdatamodel;
		};
/* End XCVersionGroup section */
	};
	rootObject = 029C1B902BFBAC9C0083B5A5 /* Project object */;
}
